lockfileVersion: 5.4

importers:

  .:
    specifiers: {}

  ../../projects/a:
    specifiers:
      '@rushstack/b': workspace:*
    dependencies:
      '@rushstack/b': link:../b

  ../../projects/b:
    specifiers:
      '@rushstack/c': workspace:*
    dependencies:
      '@rushstack/c': link:../c

  ../../projects/c:
    specifiers:
      '@rushstack/p': ~1.2.3
      '@rushstack/q': 3.0.0
    dependencies:
      '@rushstack/p': 1.2.3
      '@rushstack/q': 3.0.0_@rushstack+p@1.2.3

packages:

  /@rushstack/p/1.2.3:
    resolution: {integrity: sha512-OW5tZxwL6ALueJWOMrtdlG5UuD6aY4+iqMVhJut66iNhQ/7eqbM8x8I5Xn4jNHUJRCudCMbCZZ7PMkeYpqWmLA==}
    dev: false

  /@rushstack/q/3.0.0_@rushstack+p@1.2.3:
    resolution: {integrity: sha512-Wi/RFNNtCk9bnh8paK6Gkyo5UNWTaMCc7PAWAPVuMUzCTOXsIrRaz8mMajOkA0MpfrczCCy+0n1J5TRm29qXpg==}
    peerDependencies:
      '@rushstack/p': ^2.0.0
    dependencies:
      '@rushstack/p': 1.2.3
    dev: false
