lockfileVersion: 5.4

importers:

  .:
    specifiers: {}

  ../../projects/a:
    specifiers:
      '@rushstack/b': workspace:*
    dependencies:
      '@rushstack/b': link:../b

  ../../projects/b:
    specifiers:
      '@rushstack/c': workspace:*
    dependencies:
      '@rushstack/c': link:../c

  ../../projects/c:
    specifiers:
      '@rushstack/r': 4.0.0
    dependencies:
      '@rushstack/r': 4.0.0

packages:

  /@rushstack/r/4.0.0:
    resolution: {integrity: sha512-V2q/iOefIo0Fw8H8Mp+g4vNUdiFFLtvZp54fWpj4R8MrXCMQUz+D6V+TRNOIO4CgRGpVnVkHqlpOWyqt8HflkQ==}
    peerDependencies:
      '@rushstack/p': ^2.0.0
    peerDependenciesMeta:
      '@rushstack/p':
        optional: true
    dev: false
